
Microsoft Visual Studio Solution File, Format Version 12.00
# Visual Studio 15
VisualStudioVersion = 15.0.28307.1169
MinimumVisualStudioVersion = 10.0.40219.1
Project("{8BC9CEB8-8B4A-11D0-8D11-00A0C91BC942}") = "usubway", "usubway\usubway.vcxproj", "{F1CAAE45-8AD5-47D2-B050-D4A8C3FEDCAA}"
EndProject
Global
	GlobalSection(SolutionConfigurationPlatforms) = preSolution
		Debug|x64 = Debug|x64
		Debug|x86 = Debug|x86
		Release|x64 = Release|x64
		Release|x86 = Release|x86
	EndGlobalSection
	GlobalSection(ProjectConfigurationPlatforms) = postSolution
		{F1CAAE45-8AD5-47D2-B050-D4A8C3FEDCAA}.Debug|x64.ActiveCfg = Debug|x64
		{F1CAAE45-8AD5-47D2-B050-D4A8C3FEDCAA}.Debug|x64.Build.0 = Debug|x64
		{F1CAAE45-8AD5-47D2-B050-D4A8C3FEDCAA}.Debug|x86.ActiveCfg = Debug|Win32
		{F1CAAE45-8AD5-47D2-B050-D4A8C3FEDCAA}.Debug|x86.Build.0 = Debug|Win32
		{F1CAAE45-8AD5-47D2-B050-D4A8C3FEDCAA}.Release|x64.ActiveCfg = Release|x64
		{F1CAAE45-8AD5-47D2-B050-D4A8C3FEDCAA}.Release|x64.Build.0 = Release|x64
		{F1CAAE45-8AD5-47D2-B050-D4A8C3FEDCAA}.Release|x86.ActiveCfg = Release|Win32
		{F1CAAE45-8AD5-47D2-B050-D4A8C3FEDCAA}.Release|x86.Build.0 = Release|Win32
	EndGlobalSection
	GlobalSection(SolutionProperties) = preSolution
		HideSolutionNode = FALSE
	EndGlobalSection
	GlobalSection(ExtensibilityGlobals) = postSolution
		SolutionGuid = {CCC27ACB-4998-4641-8206-6EFE83515915}
	EndGlobalSection
EndGlobal
